
Microsoft Visual Studio Solution File, Format Version 12.00
# Visual Studio Version 17
VisualStudioVersion = 17.7.34024.191
MinimumVisualStudioVersion = 10.0.40219.1
Project("{FAE04EC0-301F-11D3-BF4B-00C04F79EFBC}") = "Hello world", "Hello world.csproj", "{AE477EB4-6B0E-41D7-9789-9FBF6DC208D2}"
EndProject
Global
	GlobalSection(SolutionConfigurationPlatforms) = preSolution
		Debug|Any CPU = Debug|Any CPU
		Release|Any CPU = Release|Any CPU
	EndGlobalSection
	GlobalSection(ProjectConfigurationPlatforms) = postSolution
		{AE477EB4-6B0E-41D7-9789-9FBF6DC208D2}.Debug|Any CPU.ActiveCfg = Debug|Any CPU
		{AE477EB4-6B0E-41D7-9789-9FBF6DC208D2}.Debug|Any CPU.Build.0 = Debug|Any CPU
		{AE477EB4-6B0E-41D7-9789-9FBF6DC208D2}.Release|Any CPU.ActiveCfg = Release|Any CPU
		{AE477EB4-6B0E-41D7-9789-9FBF6DC208D2}.Release|Any CPU.Build.0 = Release|Any CPU
	EndGlobalSection
	GlobalSection(SolutionProperties) = preSolution
		HideSolutionNode = FALSE
	EndGlobalSection
	GlobalSection(ExtensibilityGlobals) = postSolution
		SolutionGuid = {809DAFE6-312A-4A54-A472-CF6DD0CED285}
	EndGlobalSection
EndGlobal
